
Microsoft Visual Studio Solution File, Format Version 12.00
# Visual Studio Version 16
VisualStudioVersion = 16.0.30611.23
MinimumVisualStudioVersion = 10.0.40219.1
Project("{8BC9CEB8-8B4A-11D0-8D11-00A0C91BC942}") = "DynamicStructsOfData_1", "DynamicStructsOfData_1.vcxproj", "{65E89E4E-D9F6-43F4-B979-80A698FCDD29}"
EndProject
Global
	GlobalSection(SolutionConfigurationPlatforms) = preSolution
		Debug|x64 = Debug|x64
		Debug|x86 = Debug|x86
		Release|x64 = Release|x64
		Release|x86 = Release|x86
	EndGlobalSection
	GlobalSection(ProjectConfigurationPlatforms) = postSolution
		{65E89E4E-D9F6-43F4-B979-80A698FCDD29}.Debug|x64.ActiveCfg = Debug|x64
		{65E89E4E-D9F6-43F4-B979-80A698FCDD29}.Debug|x64.Build.0 = Debug|x64
		{65E89E4E-D9F6-43F4-B979-80A698FCDD29}.Debug|x86.ActiveCfg = Debug|Win32
		{65E89E4E-D9F6-43F4-B979-80A698FCDD29}.Debug|x86.Build.0 = Debug|Win32
		{65E89E4E-D9F6-43F4-B979-80A698FCDD29}.Release|x64.ActiveCfg = Release|x64
		{65E89E4E-D9F6-43F4-B979-80A698FCDD29}.Release|x64.Build.0 = Release|x64
		{65E89E4E-D9F6-43F4-B979-80A698FCDD29}.Release|x86.ActiveCfg = Release|Win32
		{65E89E4E-D9F6-43F4-B979-80A698FCDD29}.Release|x86.Build.0 = Release|Win32
	EndGlobalSection
	GlobalSection(SolutionProperties) = preSolution
		HideSolutionNode = FALSE
	EndGlobalSection
	GlobalSection(ExtensibilityGlobals) = postSolution
		SolutionGuid = {77AF06DA-CEB4-4DB4-A856-76D6AA3F5E1E}
	EndGlobalSection
EndGlobal
