
Microsoft Visual Studio Solution File, Format Version 12.00
# Visual Studio Version 16
VisualStudioVersion = 16.0.29306.81
MinimumVisualStudioVersion = 10.0.40219.1
Project("{8BC9CEB8-8B4A-11D0-8D11-00A0C91BC942}") = "string_1", "string_1.vcxproj", "{6CF297DE-9E58-4992-B70D-F0F2D04C278A}"
EndProject
Global
	GlobalSection(SolutionConfigurationPlatforms) = preSolution
		Debug|x64 = Debug|x64
		Debug|x86 = Debug|x86
		Release|x64 = Release|x64
		Release|x86 = Release|x86
	EndGlobalSection
	GlobalSection(ProjectConfigurationPlatforms) = postSolution
		{6CF297DE-9E58-4992-B70D-F0F2D04C278A}.Debug|x64.ActiveCfg = Debug|x64
		{6CF297DE-9E58-4992-B70D-F0F2D04C278A}.Debug|x64.Build.0 = Debug|x64
		{6CF297DE-9E58-4992-B70D-F0F2D04C278A}.Debug|x86.ActiveCfg = Debug|Win32
		{6CF297DE-9E58-4992-B70D-F0F2D04C278A}.Debug|x86.Build.0 = Debug|Win32
		{6CF297DE-9E58-4992-B70D-F0F2D04C278A}.Release|x64.ActiveCfg = Release|x64
		{6CF297DE-9E58-4992-B70D-F0F2D04C278A}.Release|x64.Build.0 = Release|x64
		{6CF297DE-9E58-4992-B70D-F0F2D04C278A}.Release|x86.ActiveCfg = Release|Win32
		{6CF297DE-9E58-4992-B70D-F0F2D04C278A}.Release|x86.Build.0 = Release|Win32
	EndGlobalSection
	GlobalSection(SolutionProperties) = preSolution
		HideSolutionNode = FALSE
	EndGlobalSection
	GlobalSection(ExtensibilityGlobals) = postSolution
		SolutionGuid = {8373C730-76C4-4EB4-9B63-196F6CA6086F}
	EndGlobalSection
EndGlobal
